<?xml version="1.0" encoding="utf-8"?>
<Project ToolsVersion="4.0" xmlns="http://schemas.microsoft.com/developer/msbuild/2003">
  <ItemGroup>
    <Filter Include="ソース ファイル">
      <UniqueIdentifier>{4FC737F1-C7A5-4376-A066-2A32D752A2FF}</UniqueIdentifier>
      <Extensions>cpp;c;cc;cxx;def;odl;idl;hpj;bat;asm;asmx</Extensions>
    </Filter>
    <Filter Include="ヘッダー ファイル">
      <UniqueIdentifier>{93995380-89BD-4b04-88EB-625FBE52EBFB}</UniqueIdentifier>
      <Extensions>h;hh;hpp;hxx;hm;inl;inc;ipp;xsd</Extensions>
    </Filter>
    <Filter Include="リソース ファイル">
      <UniqueIdentifier>{67DA6AB6-F800-4c08-8B7A-83BB121AAD01}</UniqueIdentifier>
      <Extensions>rc;ico;cur;bmp;dlg;rc2;rct;bin;rgs;gif;jpg;jpeg;jpe;resx;tiff;tif;png;wav;mfcribbon-ms</Extensions>
    </Filter>
    <Filter Include="3rd-party">
      <UniqueIdentifier>{82bf5d37-3b2f-474c-b5d4-342370b304e5}</UniqueIdentifier>
    </Filter>
    <Filter Include="candidates">
      <UniqueIdentifier>{1099453f-38b0-4345-989b-4836a3643c63}</UniqueIdentifier>
    </Filter>
    <Filter Include="auto">
      <UniqueIdentifier>{a2d7641c-fe15-4d23-8abd-ea1ccfd4eafa}</UniqueIdentifier>
    </Filter>
    <Filter Include="string">
      <UniqueIdentifier>{4214903f-2c4a-4677-985d-9635f3f80c5e}</UniqueIdentifier>
    </Filter>
    <Filter Include="interface">
      <UniqueIdentifier>{bd7a2acd-78b9-43e3-9e6e-7a76050ec901}</UniqueIdentifier>
    </Filter>
  </ItemGroup>
  <ItemGroup>
    <ClInclude Include="stdafx.h">
      <Filter>ヘッダー ファイル</Filter>
    </ClInclude>
    <ClInclude Include="targetver.h">
      <Filter>ヘッダー ファイル</Filter>
    </ClInclude>
    <ClInclude Include="unity.h">
      <Filter>ヘッダー ファイル</Filter>
    </ClInclude>
    <ClInclude Include="sources.h">
      <Filter>ヘッダー ファイル</Filter>
    </ClInclude>
    <ClInclude Include="file.h">
      <Filter>ヘッダー ファイル</Filter>
    </ClInclude>
    <ClInclude Include="refine_search.h">
      <Filter>ヘッダー ファイル</Filter>
    </ClInclude>
    <ClInclude Include="kinds.h">
      <Filter>ヘッダー ファイル</Filter>
    </ClInclude>
    <ClInclude Include="define.h">
      <Filter>ヘッダー ファイル</Filter>
    </ClInclude>
    <ClInclude Include="inheritance.h">
      <Filter>ヘッダー ファイル</Filter>
    </ClInclude>
    <ClInclude Include="user_data.h">
      <Filter>ヘッダー ファイル</Filter>
    </ClInclude>
    <ClInclude Include="parallel.h">
      <Filter>ヘッダー ファイル</Filter>
    </ClInclude>
    <ClInclude Include="static_status.h">
      <Filter>ヘッダー ファイル</Filter>
    </ClInclude>
    <ClInclude Include="context_status.h">
      <Filter>ヘッダー ファイル</Filter>
    </ClInclude>
    <ClInclude Include="recurring_task.h">
      <Filter>ヘッダー ファイル</Filter>
    </ClInclude>
    <ClInclude Include="auto_preview.h">
      <Filter>auto</Filter>
    </ClInclude>
    <ClInclude Include="log.h">
      <Filter>ヘッダー ファイル</Filter>
    </ClInclude>
    <ClInclude Include="..\external\libguess\libguess.h">
      <Filter>3rd-party</Filter>
    </ClInclude>
    <ClInclude Include="async_files.h">
      <Filter>candidates</Filter>
    </ClInclude>
    <ClInclude Include="candidates.h">
      <Filter>candidates</Filter>
    </ClInclude>
    <ClInclude Include="unicode_helper.h">
      <Filter>string</Filter>
    </ClInclude>
    <ClInclude Include="utility.h">
      <Filter>string</Filter>
    </ClInclude>
    <ClInclude Include="interface_sugar.h">
      <Filter>interface</Filter>
    </ClInclude>
  </ItemGroup>
  <ItemGroup>
    <ClCompile Include="stdafx.cpp">
      <Filter>ソース ファイル</Filter>
    </ClCompile>
    <ClCompile Include="dllmain.cpp">
      <Filter>ソース ファイル</Filter>
    </ClCompile>
    <ClCompile Include="sources.cpp">
      <Filter>ソース ファイル</Filter>
    </ClCompile>
    <ClCompile Include="file.cpp">
      <Filter>ソース ファイル</Filter>
    </ClCompile>
    <ClCompile Include="refine_search.cpp">
      <Filter>ソース ファイル</Filter>
    </ClCompile>
    <ClCompile Include="unity.cpp">
      <Filter>ソース ファイル</Filter>
    </ClCompile>
    <ClCompile Include="kinds.cpp">
      <Filter>ソース ファイル</Filter>
    </ClCompile>
    <ClCompile Include="inheritance.cpp">
      <Filter>ソース ファイル</Filter>
    </ClCompile>
    <ClCompile Include="user_data.cpp">
      <Filter>ソース ファイル</Filter>
    </ClCompile>
    <ClCompile Include="static_status.cpp">
      <Filter>ソース ファイル</Filter>
    </ClCompile>
    <ClCompile Include="context_status.cpp">
      <Filter>ソース ファイル</Filter>
    </ClCompile>
    <ClCompile Include="recurring_task.cpp">
      <Filter>ソース ファイル</Filter>
    </ClCompile>
    <ClCompile Include="async_files.cpp">
      <Filter>candidates</Filter>
    </ClCompile>
    <ClCompile Include="candidates.cpp">
      <Filter>candidates</Filter>
    </ClCompile>
    <ClCompile Include="log.cpp">
      <Filter>ソース ファイル</Filter>
    </ClCompile>
    <ClCompile Include="unicode_helper.cpp">
      <Filter>string</Filter>
    </ClCompile>
    <ClCompile Include="utility.cpp">
      <Filter>string</Filter>
    </ClCompile>
    <ClCompile Include="..\external\libguess\guess.cpp">
      <Filter>3rd-party</Filter>
    </ClCompile>
    <ClCompile Include="auto_preview.cpp">
      <Filter>auto</Filter>
    </ClCompile>
    <ClCompile Include="dll_export.cpp">
      <Filter>interface</Filter>
    </ClCompile>
    <ClCompile Include="hidemaru_functions.cpp">
      <Filter>interface</Filter>
    </ClCompile>
    <ClCompile Include="interface_sugar.cpp">
      <Filter>interface</Filter>
    </ClCompile>
  </ItemGroup>
  <ItemGroup>
    <None Include="Source.def">
      <Filter>リソース ファイル</Filter>
    </None>
  </ItemGroup>
</Project>